
Microsoft Visual Studio Solution File, Format Version 12.00
# Visual Studio Version 17
VisualStudioVersion = 17.2.32526.322
MinimumVisualStudioVersion = 10.0.40219.1
Project("{FAE04EC0-301F-11D3-BF4B-00C04F79EFBC}") = "Fibonacci series using loop", "Fibonacci series using loop\Fibonacci series using loop.csproj", "{77DDD030-F52A-427E-BBE6-F5BFD1496C5D}"
EndProject
Global
	GlobalSection(SolutionConfigurationPlatforms) = preSolution
		Debug|Any CPU = Debug|Any CPU
		Release|Any CPU = Release|Any CPU
	EndGlobalSection
	GlobalSection(ProjectConfigurationPlatforms) = postSolution
		{77DDD030-F52A-427E-BBE6-F5BFD1496C5D}.Debug|Any CPU.ActiveCfg = Debug|Any CPU
		{77DDD030-F52A-427E-BBE6-F5BFD1496C5D}.Debug|Any CPU.Build.0 = Debug|Any CPU
		{77DDD030-F52A-427E-BBE6-F5BFD1496C5D}.Release|Any CPU.ActiveCfg = Release|Any CPU
		{77DDD030-F52A-427E-BBE6-F5BFD1496C5D}.Release|Any CPU.Build.0 = Release|Any CPU
	EndGlobalSection
	GlobalSection(SolutionProperties) = preSolution
		HideSolutionNode = FALSE
	EndGlobalSection
	GlobalSection(ExtensibilityGlobals) = postSolution
		SolutionGuid = {57F22EE6-33C3-4436-9741-04106305AB1C}
	EndGlobalSection
EndGlobal
